
Microsoft Visual Studio Solution File, Format Version 11.00
# Visual Studio 2010
Project("{FAE04EC0-301F-11D3-BF4B-00C04F79EFBC}") = "Assembly-CSharp", "Assembly-CSharp.csproj", "{a3161456-a807-eb8d-8a0b-d02966d29d12}"
EndProject
Project("{FAE04EC0-301F-11D3-BF4B-00C04F79EFBC}") = "Assembly-CSharp-Editor-firstpass", "Assembly-CSharp-Editor-firstpass.csproj", "{73415dd8-9666-724e-2967-09210d0fef17}"
EndProject
Global
	GlobalSection(SolutionConfigurationPlatforms) = preSolution
		Debug|Any CPU = Debug|Any CPU
	EndGlobalSection
	GlobalSection(ProjectConfigurationPlatforms) = postSolution
		{a3161456-a807-eb8d-8a0b-d02966d29d12}.Debug|Any CPU.ActiveCfg = Debug|Any CPU
		{a3161456-a807-eb8d-8a0b-d02966d29d12}.Debug|Any CPU.Build.0 = Debug|Any CPU
		{73415dd8-9666-724e-2967-09210d0fef17}.Debug|Any CPU.ActiveCfg = Debug|Any CPU
		{73415dd8-9666-724e-2967-09210d0fef17}.Debug|Any CPU.Build.0 = Debug|Any CPU
	EndGlobalSection
	GlobalSection(SolutionProperties) = preSolution
		HideSolutionNode = FALSE
	EndGlobalSection
EndGlobal
