
Microsoft Visual Studio Solution File, Format Version 11.00
# Visual Studio 2010
Project("{FAE04EC0-301F-11D3-BF4B-00C04F79EFBC}") = "Assembly-CSharp", "Assembly-CSharp.csproj", "{3d0bee17-836e-6621-439d-8b026fd2a13b}"
EndProject
Project("{FAE04EC0-301F-11D3-BF4B-00C04F79EFBC}") = "Assembly-CSharp-Editor-firstpass", "Assembly-CSharp-Editor-firstpass.csproj", "{79554155-00a3-1589-9aae-286615f9f525}"
EndProject
Global
	GlobalSection(SolutionConfigurationPlatforms) = preSolution
		Debug|Any CPU = Debug|Any CPU
	EndGlobalSection
	GlobalSection(ProjectConfigurationPlatforms) = postSolution
		{3d0bee17-836e-6621-439d-8b026fd2a13b}.Debug|Any CPU.ActiveCfg = Debug|Any CPU
		{3d0bee17-836e-6621-439d-8b026fd2a13b}.Debug|Any CPU.Build.0 = Debug|Any CPU
		{79554155-00a3-1589-9aae-286615f9f525}.Debug|Any CPU.ActiveCfg = Debug|Any CPU
		{79554155-00a3-1589-9aae-286615f9f525}.Debug|Any CPU.Build.0 = Debug|Any CPU
	EndGlobalSection
	GlobalSection(SolutionProperties) = preSolution
		HideSolutionNode = FALSE
	EndGlobalSection
EndGlobal
